
Microsoft Visual Studio Solution File, Format Version 12.00
# Visual Studio Version 17
VisualStudioVersion = 17.3.32901.215
MinimumVisualStudioVersion = 10.0.40219.1
Project("{9A19103F-16F7-4668-BE54-9A1E7A4F7556}") = "InMemoryApp.Web", "InMemoryApp.Web\InMemoryApp.Web.csproj", "{CF74F853-5F30-481D-9E08-AB68E4185BB9}"
EndProject
Project("{9A19103F-16F7-4668-BE54-9A1E7A4F7556}") = "IDistributedCacheRedisApp.Web", "IDistributedCacheRedisApp.Web\IDistributedCacheRedisApp.Web.csproj", "{D1DA4DE6-BB7A-46C2-B9AC-2646EF21448E}"
EndProject
Project("{FAE04EC0-301F-11D3-BF4B-00C04F79EFBC}") = "RedisExchangeApi.Web", "RedisExchangeApi.Web\RedisExchangeApi.Web.csproj", "{B7B4EC9A-79BD-4BE5-9D5D-16AA3ED581B3}"
EndProject
Global
	GlobalSection(SolutionConfigurationPlatforms) = preSolution
		Debug|Any CPU = Debug|Any CPU
		Release|Any CPU = Release|Any CPU
	EndGlobalSection
	GlobalSection(ProjectConfigurationPlatforms) = postSolution
		{CF74F853-5F30-481D-9E08-AB68E4185BB9}.Debug|Any CPU.ActiveCfg = Debug|Any CPU
		{CF74F853-5F30-481D-9E08-AB68E4185BB9}.Debug|Any CPU.Build.0 = Debug|Any CPU
		{CF74F853-5F30-481D-9E08-AB68E4185BB9}.Release|Any CPU.ActiveCfg = Release|Any CPU
		{CF74F853-5F30-481D-9E08-AB68E4185BB9}.Release|Any CPU.Build.0 = Release|Any CPU
		{D1DA4DE6-BB7A-46C2-B9AC-2646EF21448E}.Debug|Any CPU.ActiveCfg = Debug|Any CPU
		{D1DA4DE6-BB7A-46C2-B9AC-2646EF21448E}.Debug|Any CPU.Build.0 = Debug|Any CPU
		{D1DA4DE6-BB7A-46C2-B9AC-2646EF21448E}.Release|Any CPU.ActiveCfg = Release|Any CPU
		{D1DA4DE6-BB7A-46C2-B9AC-2646EF21448E}.Release|Any CPU.Build.0 = Release|Any CPU
		{B7B4EC9A-79BD-4BE5-9D5D-16AA3ED581B3}.Debug|Any CPU.ActiveCfg = Debug|Any CPU
		{B7B4EC9A-79BD-4BE5-9D5D-16AA3ED581B3}.Debug|Any CPU.Build.0 = Debug|Any CPU
		{B7B4EC9A-79BD-4BE5-9D5D-16AA3ED581B3}.Release|Any CPU.ActiveCfg = Release|Any CPU
		{B7B4EC9A-79BD-4BE5-9D5D-16AA3ED581B3}.Release|Any CPU.Build.0 = Release|Any CPU
	EndGlobalSection
	GlobalSection(SolutionProperties) = preSolution
		HideSolutionNode = FALSE
	EndGlobalSection
	GlobalSection(ExtensibilityGlobals) = postSolution
		SolutionGuid = {1E169D6A-C898-4C04-A8B7-36EB319A5C7C}
	EndGlobalSection
EndGlobal
